
Microsoft Visual Studio Solution File, Format Version 12.00
# Visual Studio Version 17
VisualStudioVersion = 17.2.32602.215
MinimumVisualStudioVersion = 10.0.40219.1
Project("{FAE04EC0-301F-11D3-BF4B-00C04F79EFBC}") = "Calculator", "Calculator.csproj", "{E316D78C-EE9A-42B1-9177-1AD4259CA2DA}"
EndProject
Project("{FAE04EC0-301F-11D3-BF4B-00C04F79EFBC}") = "Calculator .NET 6.0", "..\Calculator .NET 6.0\Calculator .NET 6.0.csproj", "{C2C22328-986E-4B87-80CA-47604DB119F1}"
EndProject
Global
	GlobalSection(SolutionConfigurationPlatforms) = preSolution
		Debug|Any CPU = Debug|Any CPU
		Release|Any CPU = Release|Any CPU
	EndGlobalSection
	GlobalSection(ProjectConfigurationPlatforms) = postSolution
		{E316D78C-EE9A-42B1-9177-1AD4259CA2DA}.Debug|Any CPU.ActiveCfg = Debug|Any CPU
		{E316D78C-EE9A-42B1-9177-1AD4259CA2DA}.Debug|Any CPU.Build.0 = Debug|Any CPU
		{E316D78C-EE9A-42B1-9177-1AD4259CA2DA}.Release|Any CPU.ActiveCfg = Release|Any CPU
		{E316D78C-EE9A-42B1-9177-1AD4259CA2DA}.Release|Any CPU.Build.0 = Release|Any CPU
		{C2C22328-986E-4B87-80CA-47604DB119F1}.Debug|Any CPU.ActiveCfg = Debug|Any CPU
		{C2C22328-986E-4B87-80CA-47604DB119F1}.Debug|Any CPU.Build.0 = Debug|Any CPU
		{C2C22328-986E-4B87-80CA-47604DB119F1}.Release|Any CPU.ActiveCfg = Release|Any CPU
		{C2C22328-986E-4B87-80CA-47604DB119F1}.Release|Any CPU.Build.0 = Release|Any CPU
	EndGlobalSection
	GlobalSection(SolutionProperties) = preSolution
		HideSolutionNode = FALSE
	EndGlobalSection
	GlobalSection(ExtensibilityGlobals) = postSolution
		SolutionGuid = {54496F57-F6D5-4C57-8D64-3FF24CD91E89}
	EndGlobalSection
EndGlobal
